// !$*UTF8*$!
{
	archiveVersion = 1;
	classes = {
	};
	objectVersion = 77;
	objects = {

/* Begin PBXBuildFile section */
		253ED1A72F55F35F003E1CEC /* FirebaseAuth in Frameworks */ = {isa = PBXBuildFile; productRef = 253ED1A62F55F35F003E1CEC /* FirebaseAuth */; };
		253ED1A92F55F35F003E1CEC /* FirebaseCore in Frameworks */ = {isa = PBXBuildFile; productRef = 253ED1A82F55F35F003E1CEC /* FirebaseCore */; };
		253ED1AB2F55F35F003E1CEC /* FirebaseDatabase in Frameworks */ = {isa = PBXBuildFile; productRef = 253ED1AA2F55F35F003E1CEC /* FirebaseDatabase */; };
		253ED1AD2F55F35F003E1CEC /* FirebaseFirestore in Frameworks */ = {isa = PBXBuildFile; productRef = 253ED1AC2F55F35F003E1CEC /* FirebaseFirestore */; };
		253ED1AF2F55F35F003E1CEC /* FirebaseFunctions in Frameworks */ = {isa = PBXBuildFile; productRef = 253ED1AE2F55F35F003E1CEC /* FirebaseFunctions */; };
		253ED1B12F55F35F003E1CEC /* FirebaseMessaging in Frameworks */ = {isa = PBXBuildFile; productRef = 253ED1B02F55F35F003E1CEC /* FirebaseMessaging */; };
		253ED1B32F55F35F003E1CEC /* FirebaseStorage in Frameworks */ = {isa = PBXBuildFile; productRef = 253ED1B22F55F35F003E1CEC /* FirebaseStorage */; };
		253ED1B62F55F375003E1CEC /* GoogleSignInSwift in Frameworks */ = {isa = PBXBuildFile; productRef = 253ED1B52F55F375003E1CEC /* GoogleSignInSwift */; };
		25989D502F6B265F00D6E12F /* FirebaseCrashlytics in Frameworks */ = {isa = PBXBuildFile; productRef = 25989D4F2F6B265F00D6E12F /* FirebaseCrashlytics */; };
		25989D582F6B270400D6E12F /* FirebaseAnalytics in Frameworks */ = {isa = PBXBuildFile; productRef = 25989D572F6B270400D6E12F /* FirebaseAnalytics */; };
		25989D5A2F6B273600D6E12F /* FirebaseRemoteConfig in Frameworks */ = {isa = PBXBuildFile; productRef = 25989D592F6B273600D6E12F /* FirebaseRemoteConfig */; };
/* End PBXBuildFile section */

/* Begin PBXContainerItemProxy section */
		253EC9B42E4B352300A4A5A9 /* PBXContainerItemProxy */ = {
			isa = PBXContainerItemProxy;
			containerPortal = 253EC99E2E4B352200A4A5A9 /* Project object */;
			proxyType = 1;
			remoteGlobalIDString = 253EC9A52E4B352200A4A5A9;
			remoteInfo = Assistant;
		};
		253EC9BE2E4B352300A4A5A9 /* PBXContainerItemProxy */ = {
			isa = PBXContainerItemProxy;
			containerPortal = 253EC99E2E4B352200A4A5A9 /* Project object */;
			proxyType = 1;
			remoteGlobalIDString = 253EC9A52E4B352200A4A5A9;
			remoteInfo = Assistant;
		};
/* End PBXContainerItemProxy section */

/* Begin PBXFileReference section */
		253EC9A62E4B352200A4A5A9 /* Assistant.app */ = {isa = PBXFileReference; explicitFileType = wrapper.application; includeInIndex = 0; path = Assistant.app; sourceTree = BUILT_PRODUCTS_DIR; };
		253EC9B32E4B352300A4A5A9 /* AssistantTests.xctest */ = {isa = PBXFileReference; explicitFileType = wrapper.cfbundle; includeInIndex = 0; path = AssistantTests.xctest; sourceTree = BUILT_PRODUCTS_DIR; };
		253EC9BD2E4B352300A4A5A9 /* AssistantUITests.xctest */ = {isa = PBXFileReference; explicitFileType = wrapper.cfbundle; includeInIndex = 0; path = AssistantUITests.xctest; sourceTree = BUILT_PRODUCTS_DIR; };
/* End PBXFileReference section */

/* Begin PBXFileSystemSynchronizedRootGroup section */
		253EC9A82E4B352200A4A5A9 /* Assistant */ = {
			isa = PBXFileSystemSynchronizedRootGroup;
			path = Assistant;
			sourceTree = "<group>";
		};
		253EC9B62E4B352300A4A5A9 /* AssistantTests */ = {
			isa = PBXFileSystemSynchronizedRootGroup;
			path = AssistantTests;
			sourceTree = "<group>";
		};
		253EC9C02E4B352300A4A5A9 /* AssistantUITests */ = {
			isa = PBXFileSystemSynchronizedRootGroup;
			path = AssistantUITests;
			sourceTree = "<group>";
		};
/* End PBXFileSystemSynchronizedRootGroup section */

/* Begin PBXFrameworksBuildPhase section */
		253EC9A32E4B352200A4A5A9 /* Frameworks */ = {
			isa = PBXFrameworksBuildPhase;
			buildActionMask = 2147483647;
			files = (
				25989D5A2F6B273600D6E12F /* FirebaseRemoteConfig in Frameworks */,
				253ED1B12F55F35F003E1CEC /* FirebaseMessaging in Frameworks */,
				253ED1AB2F55F35F003E1CEC /* FirebaseDatabase in Frameworks */,
				253ED1AD2F55F35F003E1CEC /* FirebaseFirestore in Frameworks */,
				253ED1B62F55F375003E1CEC /* GoogleSignInSwift in Frameworks */,
				253ED1AF2F55F35F003E1CEC /* FirebaseFunctions in Frameworks */,
				253ED1B32F55F35F003E1CEC /* FirebaseStorage in Frameworks */,
				25989D502F6B265F00D6E12F /* FirebaseCrashlytics in Frameworks */,
				253ED1A92F55F35F003E1CEC /* FirebaseCore in Frameworks */,
				25989D582F6B270400D6E12F /* FirebaseAnalytics in Frameworks */,
				253ED1A72F55F35F003E1CEC /* FirebaseAuth in Frameworks */,
			);
			runOnlyForDeploymentPostprocessing = 0;
		};
		253EC9B02E4B352300A4A5A9 /* Frameworks */ = {
			isa = PBXFrameworksBuildPhase;
			buildActionMask = 2147483647;
			files = (
			);
			runOnlyForDeploymentPostprocessing = 0;
		};
		253EC9BA2E4B352300A4A5A9 /* Frameworks */ = {
			isa = PBXFrameworksBuildPhase;
			buildActionMask = 2147483647;
			files = (
			);
			runOnlyForDeploymentPostprocessing = 0;
		};
/* End PBXFrameworksBuildPhase section */

/* Begin PBXGroup section */
		253EC99D2E4B352200A4A5A9 = {
			isa = PBXGroup;
			children = (
				253EC9A82E4B352200A4A5A9 /* Assistant */,
				253EC9B62E4B352300A4A5A9 /* AssistantTests */,
				253EC9C02E4B352300A4A5A9 /* AssistantUITests */,
				25989D4E2F6B265F00D6E12F /* Frameworks */,
				253EC9A72E4B352200A4A5A9 /* Products */,
			);
			sourceTree = "<group>";
		};
		253EC9A72E4B352200A4A5A9 /* Products */ = {
			isa = PBXGroup;
			children = (
				253EC9A62E4B352200A4A5A9 /* Assistant.app */,
				253EC9B32E4B352300A4A5A9 /* AssistantTests.xctest */,
				253EC9BD2E4B352300A4A5A9 /* AssistantUITests.xctest */,
			);
			name = Products;
			sourceTree = "<group>";
		};
		25989D4E2F6B265F00D6E12F /* Frameworks */ = {
			isa = PBXGroup;
			children = (
			);
			name = Frameworks;
			sourceTree = "<group>";
		};
/* End PBXGroup section */

/* Begin PBXNativeTarget section */
		253EC9A52E4B352200A4A5A9 /* Assistant */ = {
			isa = PBXNativeTarget;
			buildConfigurationList = 253EC9C72E4B352300A4A5A9 /* Build configuration list for PBXNativeTarget "Assistant" */;
			buildPhases = (
				253EC9A22E4B352200A4A5A9 /* Sources */,
				253EC9A32E4B352200A4A5A9 /* Frameworks */,
				253EC9A42E4B352200A4A5A9 /* Resources */,
			);
			buildRules = (
			);
			dependencies = (
			);
			fileSystemSynchronizedGroups = (
				253EC9A82E4B352200A4A5A9 /* Assistant */,
			);
			name = Assistant;
			packageProductDependencies = (
				253ED1A62F55F35F003E1CEC /* FirebaseAuth */,
				253ED1A82F55F35F003E1CEC /* FirebaseCore */,
				253ED1AA2F55F35F003E1CEC /* FirebaseDatabase */,
				253ED1AC2F55F35F003E1CEC /* FirebaseFirestore */,
				253ED1AE2F55F35F003E1CEC /* FirebaseFunctions */,
				253ED1B02F55F35F003E1CEC /* FirebaseMessaging */,
				253ED1B22F55F35F003E1CEC /* FirebaseStorage */,
				253ED1B52F55F375003E1CEC /* GoogleSignInSwift */,
				25989D4F2F6B265F00D6E12F /* FirebaseCrashlytics */,
				25989D572F6B270400D6E12F /* FirebaseAnalytics */,
				25989D592F6B273600D6E12F /* FirebaseRemoteConfig */,
			);
			productName = Assistant;
			productReference = 253EC9A62E4B352200A4A5A9 /* Assistant.app */;
			productType = "com.apple.product-type.application";
		};
		253EC9B22E4B352300A4A5A9 /* AssistantTests */ = {
			isa = PBXNativeTarget;
			buildConfigurationList = 253EC9CA2E4B352300A4A5A9 /* Build configuration list for PBXNativeTarget "AssistantTests" */;
			buildPhases = (
				253EC9AF2E4B352300A4A5A9 /* Sources */,
				253EC9B02E4B352300A4A5A9 /* Frameworks */,
				253EC9B12E4B352300A4A5A9 /* Resources */,
			);
			buildRules = (
			);
			dependencies = (
				253EC9B52E4B352300A4A5A9 /* PBXTargetDependency */,
			);
			fileSystemSynchronizedGroups = (
				253EC9B62E4B352300A4A5A9 /* AssistantTests */,
			);
			name = AssistantTests;
			packageProductDependencies = (
			);
			productName = AssistantTests;
			productReference = 253EC9B32E4B352300A4A5A9 /* AssistantTests.xctest */;
			productType = "com.apple.product-type.bundle.unit-test";
		};
		253EC9BC2E4B352300A4A5A9 /* AssistantUITests */ = {
			isa = PBXNativeTarget;
			buildConfigurationList = 253EC9CD2E4B352300A4A5A9 /* Build configuration list for PBXNativeTarget "AssistantUITests" */;
			buildPhases = (
				253EC9B92E4B352300A4A5A9 /* Sources */,
				253EC9BA2E4B352300A4A5A9 /* Frameworks */,
				253EC9BB2E4B352300A4A5A9 /* Resources */,
			);
			buildRules = (
			);
			dependencies = (
				253EC9BF2E4B352300A4A5A9 /* PBXTargetDependency */,
			);
			fileSystemSynchronizedGroups = (
				253EC9C02E4B352300A4A5A9 /* AssistantUITests */,
			);
			name = AssistantUITests;
			packageProductDependencies = (
			);
			productName = AssistantUITests;
			productReference = 253EC9BD2E4B352300A4A5A9 /* AssistantUITests.xctest */;
			productType = "com.apple.product-type.bundle.ui-testing";
		};
/* End PBXNativeTarget section */

/* Begin PBXProject section */
		253EC99E2E4B352200A4A5A9 /* Project object */ = {
			isa = PBXProject;
			attributes = {
				BuildIndependentTargetsInParallel = 1;
				LastSwiftUpdateCheck = 1640;
				LastUpgradeCheck = 2630;
				TargetAttributes = {
					253EC9A52E4B352200A4A5A9 = {
						CreatedOnToolsVersion = 16.4;
					};
					253EC9B22E4B352300A4A5A9 = {
						CreatedOnToolsVersion = 16.4;
						TestTargetID = 253EC9A52E4B352200A4A5A9;
					};
					253EC9BC2E4B352300A4A5A9 = {
						CreatedOnToolsVersion = 16.4;
						TestTargetID = 253EC9A52E4B352200A4A5A9;
					};
				};
			};
			buildConfigurationList = 253EC9A12E4B352200A4A5A9 /* Build configuration list for PBXProject "Assistant" */;
			developmentRegion = en;
			hasScannedForEncodings = 0;
			knownRegions = (
				en,
				"zh-Hans",
				es,
			);
			mainGroup = 253EC99D2E4B352200A4A5A9;
			minimizedProjectReferenceProxies = 1;
			packageReferences = (
				253ED1A52F55F35F003E1CEC /* XCRemoteSwiftPackageReference "firebase-ios-sdk" */,
				253ED1B42F55F375003E1CEC /* XCRemoteSwiftPackageReference "GoogleSignIn-iOS" */,
			);
			preferredProjectObjectVersion = 77;
			productRefGroup = 253EC9A72E4B352200A4A5A9 /* Products */;
			projectDirPath = "";
			projectRoot = "";
			targets = (
				253EC9A52E4B352200A4A5A9 /* Assistant */,
				253EC9B22E4B352300A4A5A9 /* AssistantTests */,
				253EC9BC2E4B352300A4A5A9 /* AssistantUITests */,
			);
		};
/* End PBXProject section */

/* Begin PBXResourcesBuildPhase section */
		253EC9A42E4B352200A4A5A9 /* Resources */ = {
			isa = PBXResourcesBuildPhase;
			buildActionMask = 2147483647;
			files = (
			);
			runOnlyForDeploymentPostprocessing = 0;
		};
		253EC9B12E4B352300A4A5A9 /* Resources */ = {
			isa = PBXResourcesBuildPhase;
			buildActionMask = 2147483647;
			files = (
			);
			runOnlyForDeploymentPostprocessing = 0;
		};
		253EC9BB2E4B352300A4A5A9 /* Resources */ = {
			isa = PBXResourcesBuildPhase;
			buildActionMask = 2147483647;
			files = (
			);
			runOnlyForDeploymentPostprocessing = 0;
		};
/* End PBXResourcesBuildPhase section */

/* Begin PBXSourcesBuildPhase section */
		253EC9A22E4B352200A4A5A9 /* Sources */ = {
			isa = PBXSourcesBuildPhase;
			buildActionMask = 2147483647;
			files = (
			);
			runOnlyForDeploymentPostprocessing = 0;
		};
		253EC9AF2E4B352300A4A5A9 /* Sources */ = {
			isa = PBXSourcesBuildPhase;
			buildActionMask = 2147483647;
			files = (
			);
			runOnlyForDeploymentPostprocessing = 0;
		};
		253EC9B92E4B352300A4A5A9 /* Sources */ = {
			isa = PBXSourcesBuildPhase;
			buildActionMask = 2147483647;
			files = (
			);
			runOnlyForDeploymentPostprocessing = 0;
		};
/* End PBXSourcesBuildPhase section */

/* Begin PBXTargetDependency section */
		253EC9B52E4B352300A4A5A9 /* PBXTargetDependency */ = {
			isa = PBXTargetDependency;
			target = 253EC9A52E4B352200A4A5A9 /* Assistant */;
			targetProxy = 253EC9B42E4B352300A4A5A9 /* PBXContainerItemProxy */;
		};
		253EC9BF2E4B352300A4A5A9 /* PBXTargetDependency */ = {
			isa = PBXTargetDependency;
			target = 253EC9A52E4B352200A4A5A9 /* Assistant */;
			targetProxy = 253EC9BE2E4B352300A4A5A9 /* PBXContainerItemProxy */;
		};
/* End PBXTargetDependency section */

/* Begin XCBuildConfiguration section */
		253EC9C52E4B352300A4A5A9 /* Debug */ = {
			isa = XCBuildConfiguration;
			buildSettings = {
				ALWAYS_SEARCH_USER_PATHS = NO;
				ASSETCATALOG_COMPILER_GENERATE_SWIFT_ASSET_SYMBOL_EXTENSIONS = YES;
				CLANG_ANALYZER_LOCALIZABILITY_NONLOCALIZED = YES;
				CLANG_ANALYZER_NONNULL = YES;
				CLANG_ANALYZER_NUMBER_OBJECT_CONVERSION = YES_AGGRESSIVE;
				CLANG_CXX_LANGUAGE_STANDARD = "gnu++20";
				CLANG_ENABLE_MODULES = YES;
				CLANG_ENABLE_OBJC_ARC = YES;
				CLANG_ENABLE_OBJC_WEAK = YES;
				CLANG_WARN_BLOCK_CAPTURE_AUTORELEASING = YES;
				CLANG_WARN_BOOL_CONVERSION = YES;
				CLANG_WARN_COMMA = YES;
				CLANG_WARN_CONSTANT_CONVERSION = YES;
				CLANG_WARN_DEPRECATED_OBJC_IMPLEMENTATIONS = YES;
				CLANG_WARN_DIRECT_OBJC_ISA_USAGE = YES_ERROR;
				CLANG_WARN_DOCUMENTATION_COMMENTS = YES;
				CLANG_WARN_EMPTY_BODY = YES;
				CLANG_WARN_ENUM_CONVERSION = YES;
				CLANG_WARN_INFINITE_RECURSION = YES;
				CLANG_WARN_INT_CONVERSION = YES;
				CLANG_WARN_NON_LITERAL_NULL_CONVERSION = YES;
				CLANG_WARN_OBJC_IMPLICIT_RETAIN_SELF = YES;
				CLANG_WARN_OBJC_LITERAL_CONVERSION = YES;
				CLANG_WARN_OBJC_ROOT_CLASS = YES_ERROR;
				CLANG_WARN_QUOTED_INCLUDE_IN_FRAMEWORK_HEADER = YES;
				CLANG_WARN_RANGE_LOOP_ANALYSIS = YES;
				CLANG_WARN_STRICT_PROTOTYPES = YES;
				CLANG_WARN_SUSPICIOUS_MOVE = YES;
				CLANG_WARN_UNGUARDED_AVAILABILITY = YES_AGGRESSIVE;
				CLANG_WARN_UNREACHABLE_CODE = YES;
				CLANG_WARN__DUPLICATE_METHOD_MATCH = YES;
				COPY_PHASE_STRIP = NO;
				DEBUG_INFORMATION_FORMAT = dwarf;
				ENABLE_STRICT_OBJC_MSGSEND = YES;
				ENABLE_TESTABILITY = YES;
				ENABLE_USER_SCRIPT_SANDBOXING = YES;
				GCC_C_LANGUAGE_STANDARD = gnu17;
				GCC_DYNAMIC_NO_PIC = NO;
				GCC_NO_COMMON_BLOCKS = YES;
				GCC_OPTIMIZATION_LEVEL = 0;
				GCC_PREPROCESSOR_DEFINITIONS = (
					"DEBUG=1",
					"$(inherited)",
				);
				GCC_WARN_64_TO_32_BIT_CONVERSION = YES;
				GCC_WARN_ABOUT_RETURN_TYPE = YES_ERROR;
				GCC_WARN_UNDECLARED_SELECTOR = YES;
				GCC_WARN_UNINITIALIZED_AUTOS = YES_AGGRESSIVE;
				GCC_WARN_UNUSED_FUNCTION = YES;
				GCC_WARN_UNUSED_VARIABLE = YES;
				IPHONEOS_DEPLOYMENT_TARGET = 18.5;
				LOCALIZATION_PREFERS_STRING_CATALOGS = YES;
				MTL_ENABLE_DEBUG_INFO = INCLUDE_SOURCE;
				MTL_FAST_MATH = YES;
				ONLY_ACTIVE_ARCH = YES;
				SDKROOT = iphoneos;
				STRING_CATALOG_GENERATE_SYMBOLS = YES;
				SWIFT_ACTIVE_COMPILATION_CONDITIONS = "DEBUG $(inherited)";
				SWIFT_OPTIMIZATION_LEVEL = "-Onone";
			};
			name = Debug;
		};
		253EC9C62E4B352300A4A5A9 /* Release */ = {
			isa = XCBuildConfiguration;
			buildSettings = {
				ALWAYS_SEARCH_USER_PATHS = NO;
				ASSETCATALOG_COMPILER_GENERATE_SWIFT_ASSET_SYMBOL_EXTENSIONS = YES;
				CLANG_ANALYZER_LOCALIZABILITY_NONLOCALIZED = YES;
				CLANG_ANALYZER_NONNULL = YES;
				CLANG_ANALYZER_NUMBER_OBJECT_CONVERSION = YES_AGGRESSIVE;
				CLANG_CXX_LANGUAGE_STANDARD = "gnu++20";
				CLANG_ENABLE_MODULES = YES;
				CLANG_ENABLE_OBJC_ARC = YES;
				CLANG_ENABLE_OBJC_WEAK = YES;
				CLANG_WARN_BLOCK_CAPTURE_AUTORELEASING = YES;
				CLANG_WARN_BOOL_CONVERSION = YES;
				CLANG_WARN_COMMA = YES;
				CLANG_WARN_CONSTANT_CONVERSION = YES;
				CLANG_WARN_DEPRECATED_OBJC_IMPLEMENTATIONS = YES;
				CLANG_WARN_DIRECT_OBJC_ISA_USAGE = YES_ERROR;
				CLANG_WARN_DOCUMENTATION_COMMENTS = YES;
				CLANG_WARN_EMPTY_BODY = YES;
				CLANG_WARN_ENUM_CONVERSION = YES;
				CLANG_WARN_INFINITE_RECURSION = YES;
				CLANG_WARN_INT_CONVERSION = YES;
				CLANG_WARN_NON_LITERAL_NULL_CONVERSION = YES;
				CLANG_WARN_OBJC_IMPLICIT_RETAIN_SELF = YES;
				CLANG_WARN_OBJC_LITERAL_CONVERSION = YES;
				CLANG_WARN_OBJC_ROOT_CLASS = YES_ERROR;
				CLANG_WARN_QUOTED_INCLUDE_IN_FRAMEWORK_HEADER = YES;
				CLANG_WARN_RANGE_LOOP_ANALYSIS = YES;
				CLANG_WARN_STRICT_PROTOTYPES = YES;
				CLANG_WARN_SUSPICIOUS_MOVE = YES;
				CLANG_WARN_UNGUARDED_AVAILABILITY = YES_AGGRESSIVE;
				CLANG_WARN_UNREACHABLE_CODE = YES;
				CLANG_WARN__DUPLICATE_METHOD_MATCH = YES;
				COPY_PHASE_STRIP = NO;
				DEBUG_INFORMATION_FORMAT = "dwarf-with-dsym";
				ENABLE_NS_ASSERTIONS = NO;
				ENABLE_STRICT_OBJC_MSGSEND = YES;
				ENABLE_USER_SCRIPT_SANDBOXING = YES;
				GCC_C_LANGUAGE_STANDARD = gnu17;
				GCC_NO_COMMON_BLOCKS = YES;
				GCC_WARN_64_TO_32_BIT_CONVERSION = YES;
				GCC_WARN_ABOUT_RETURN_TYPE = YES_ERROR;
				GCC_WARN_UNDECLARED_SELECTOR = YES;
				GCC_WARN_UNINITIALIZED_AUTOS = YES_AGGRESSIVE;
				GCC_WARN_UNUSED_FUNCTION = YES;
				GCC_WARN_UNUSED_VARIABLE = YES;
				IPHONEOS_DEPLOYMENT_TARGET = 18.5;
				LOCALIZATION_PREFERS_STRING_CATALOGS = YES;
				MTL_ENABLE_DEBUG_INFO = NO;
				MTL_FAST_MATH = YES;
				SDKROOT = iphoneos;
				STRING_CATALOG_GENERATE_SYMBOLS = YES;
				SWIFT_COMPILATION_MODE = wholemodule;
				VALIDATE_PRODUCT = YES;
			};
			name = Release;
		};
		253EC9C82E4B352300A4A5A9 /* Debug */ = {
			isa = XCBuildConfiguration;
			buildSettings = {
				ASSETCATALOG_COMPILER_APPICON_NAME = AppIcon;
				ASSETCATALOG_COMPILER_GLOBAL_ACCENT_COLOR_NAME = AccentColor;
				ASSETCATALOG_COMPILER_INCLUDE_ALL_APPICON_ASSETS = YES;
				CODE_SIGN_STYLE = Automatic;
				CURRENT_PROJECT_VERSION = 1;
				DEVELOPMENT_TEAM = 7L95YUT2B2;
				ENABLE_PREVIEWS = YES;
				GENERATE_INFOPLIST_FILE = YES;
				INFOPLIST_KEY_LSApplicationCategoryType = "public.app-category.productivity";
				INFOPLIST_KEY_NSCalendarsFullAccessUsageDescription = "MAI request access to read the calendar. ";
				INFOPLIST_KEY_UIApplicationSceneManifest_Generation = YES;
				INFOPLIST_KEY_UIApplicationSupportsIndirectInputEvents = YES;
				INFOPLIST_KEY_UILaunchScreen_Generation = YES;
				INFOPLIST_KEY_UISupportedInterfaceOrientations_iPad = "UIInterfaceOrientationPortrait UIInterfaceOrientationPortraitUpsideDown UIInterfaceOrientationLandscapeLeft UIInterfaceOrientationLandscapeRight";
				INFOPLIST_KEY_UISupportedInterfaceOrientations_iPhone = "UIInterfaceOrientationPortrait UIInterfaceOrientationLandscapeLeft UIInterfaceOrientationLandscapeRight";
				IPHONEOS_DEPLOYMENT_TARGET = 18.6;
				LD_RUNPATH_SEARCH_PATHS = (
					"$(inherited)",
					"@executable_path/Frameworks",
				);
				MARKETING_VERSION = 1.0;
				PRODUCT_BUNDLE_IDENTIFIER = ios.Assistant;
				PRODUCT_NAME = "$(TARGET_NAME)";
				SWIFT_EMIT_LOC_STRINGS = YES;
				SWIFT_VERSION = 5.0;
				TARGETED_DEVICE_FAMILY = "1,2";
			};
			name = Debug;
		};
		253EC9C92E4B352300A4A5A9 /* Release */ = {
			isa = XCBuildConfiguration;
			buildSettings = {
				ASSETCATALOG_COMPILER_APPICON_NAME = AppIcon;
				ASSETCATALOG_COMPILER_GLOBAL_ACCENT_COLOR_NAME = AccentColor;
				ASSETCATALOG_COMPILER_INCLUDE_ALL_APPICON_ASSETS = YES;
				CODE_SIGN_STYLE = Automatic;
				CURRENT_PROJECT_VERSION = 1;
				DEVELOPMENT_TEAM = 7L95YUT2B2;
				ENABLE_PREVIEWS = YES;
				GENERATE_INFOPLIST_FILE = YES;
				INFOPLIST_KEY_LSApplicationCategoryType = "public.app-category.productivity";
				INFOPLIST_KEY_NSCalendarsFullAccessUsageDescription = "MAI request access to read the calendar. ";
				INFOPLIST_KEY_UIApplicationSceneManifest_Generation = YES;
				INFOPLIST_KEY_UIApplicationSupportsIndirectInputEvents = YES;
				INFOPLIST_KEY_UILaunchScreen_Generation = YES;
				INFOPLIST_KEY_UISupportedInterfaceOrientations_iPad = "UIInterfaceOrientationPortrait UIInterfaceOrientationPortraitUpsideDown UIInterfaceOrientationLandscapeLeft UIInterfaceOrientationLandscapeRight";
				INFOPLIST_KEY_UISupportedInterfaceOrientations_iPhone = "UIInterfaceOrientationPortrait UIInterfaceOrientationLandscapeLeft UIInterfaceOrientationLandscapeRight";
				IPHONEOS_DEPLOYMENT_TARGET = 18.6;
				LD_RUNPATH_SEARCH_PATHS = (
					"$(inherited)",
					"@executable_path/Frameworks",
				);
				MARKETING_VERSION = 1.0;
				PRODUCT_BUNDLE_IDENTIFIER = ios.Assistant;
				PRODUCT_NAME = "$(TARGET_NAME)";
				SWIFT_EMIT_LOC_STRINGS = YES;
				SWIFT_VERSION = 5.0;
				TARGETED_DEVICE_FAMILY = "1,2";
			};
			name = Release;
		};
		253EC9CB2E4B352300A4A5A9 /* Debug */ = {
			isa = XCBuildConfiguration;
			buildSettings = {
				BUNDLE_LOADER = "$(TEST_HOST)";
				CODE_SIGN_STYLE = Automatic;
				CURRENT_PROJECT_VERSION = 1;
				GENERATE_INFOPLIST_FILE = YES;
				IPHONEOS_DEPLOYMENT_TARGET = 18.5;
				MARKETING_VERSION = 1.0;
				PRODUCT_BUNDLE_IDENTIFIER = ios.AssistantTests;
				PRODUCT_NAME = "$(TARGET_NAME)";
				SWIFT_EMIT_LOC_STRINGS = NO;
				SWIFT_VERSION = 5.0;
				TARGETED_DEVICE_FAMILY = "1,2";
				TEST_HOST = "$(BUILT_PRODUCTS_DIR)/Assistant.app/$(BUNDLE_EXECUTABLE_FOLDER_PATH)/Assistant";
			};
			name = Debug;
		};
		253EC9CC2E4B352300A4A5A9 /* Release */ = {
			isa = XCBuildConfiguration;
			buildSettings = {
				BUNDLE_LOADER = "$(TEST_HOST)";
				CODE_SIGN_STYLE = Automatic;
				CURRENT_PROJECT_VERSION = 1;
				GENERATE_INFOPLIST_FILE = YES;
				IPHONEOS_DEPLOYMENT_TARGET = 18.5;
				MARKETING_VERSION = 1.0;
				PRODUCT_BUNDLE_IDENTIFIER = ios.AssistantTests;
				PRODUCT_NAME = "$(TARGET_NAME)";
				SWIFT_EMIT_LOC_STRINGS = NO;
				SWIFT_VERSION = 5.0;
				TARGETED_DEVICE_FAMILY = "1,2";
				TEST_HOST = "$(BUILT_PRODUCTS_DIR)/Assistant.app/$(BUNDLE_EXECUTABLE_FOLDER_PATH)/Assistant";
			};
			name = Release;
		};
		253EC9CE2E4B352300A4A5A9 /* Debug */ = {
			isa = XCBuildConfiguration;
			buildSettings = {
				CODE_SIGN_STYLE = Automatic;
				CURRENT_PROJECT_VERSION = 1;
				GENERATE_INFOPLIST_FILE = YES;
				MARKETING_VERSION = 1.0;
				PRODUCT_BUNDLE_IDENTIFIER = ios.AssistantUITests;
				PRODUCT_NAME = "$(TARGET_NAME)";
				SWIFT_EMIT_LOC_STRINGS = NO;
				SWIFT_VERSION = 5.0;
				TARGETED_DEVICE_FAMILY = "1,2";
				TEST_TARGET_NAME = Assistant;
			};
			name = Debug;
		};
		253EC9CF2E4B352300A4A5A9 /* Release */ = {
			isa = XCBuildConfiguration;
			buildSettings = {
				CODE_SIGN_STYLE = Automatic;
				CURRENT_PROJECT_VERSION = 1;
				GENERATE_INFOPLIST_FILE = YES;
				MARKETING_VERSION = 1.0;
				PRODUCT_BUNDLE_IDENTIFIER = ios.AssistantUITests;
				PRODUCT_NAME = "$(TARGET_NAME)";
				SWIFT_EMIT_LOC_STRINGS = NO;
				SWIFT_VERSION = 5.0;
				TARGETED_DEVICE_FAMILY = "1,2";
				TEST_TARGET_NAME = Assistant;
			};
			name = Release;
		};
/* End XCBuildConfiguration section */

/* Begin XCConfigurationList section */
		253EC9A12E4B352200A4A5A9 /* Build configuration list for PBXProject "Assistant" */ = {
			isa = XCConfigurationList;
			buildConfigurations = (
				253EC9C52E4B352300A4A5A9 /* Debug */,
				253EC9C62E4B352300A4A5A9 /* Release */,
			);
			defaultConfigurationIsVisible = 0;
			defaultConfigurationName = Release;
		};
		253EC9C72E4B352300A4A5A9 /* Build configuration list for PBXNativeTarget "Assistant" */ = {
			isa = XCConfigurationList;
			buildConfigurations = (
				253EC9C82E4B352300A4A5A9 /* Debug */,
				253EC9C92E4B352300A4A5A9 /* Release */,
			);
			defaultConfigurationIsVisible = 0;
			defaultConfigurationName = Release;
		};
		253EC9CA2E4B352300A4A5A9 /* Build configuration list for PBXNativeTarget "AssistantTests" */ = {
			isa = XCConfigurationList;
			buildConfigurations = (
				253EC9CB2E4B352300A4A5A9 /* Debug */,
				253EC9CC2E4B352300A4A5A9 /* Release */,
			);
			defaultConfigurationIsVisible = 0;
			defaultConfigurationName = Release;
		};
		253EC9CD2E4B352300A4A5A9 /* Build configuration list for PBXNativeTarget "AssistantUITests" */ = {
			isa = XCConfigurationList;
			buildConfigurations = (
				253EC9CE2E4B352300A4A5A9 /* Debug */,
				253EC9CF2E4B352300A4A5A9 /* Release */,
			);
			defaultConfigurationIsVisible = 0;
			defaultConfigurationName = Release;
		};
/* End XCConfigurationList section */

/* Begin XCRemoteSwiftPackageReference section */
		253ED1A52F55F35F003E1CEC /* XCRemoteSwiftPackageReference "firebase-ios-sdk" */ = {
			isa = XCRemoteSwiftPackageReference;
			repositoryURL = "https://github.com/firebase/firebase-ios-sdk";
			requirement = {
				kind = upToNextMajorVersion;
				minimumVersion = 12.10.0;
			};
		};
		253ED1B42F55F375003E1CEC /* XCRemoteSwiftPackageReference "GoogleSignIn-iOS" */ = {
			isa = XCRemoteSwiftPackageReference;
			repositoryURL = "https://github.com/google/GoogleSignIn-iOS";
			requirement = {
				kind = upToNextMajorVersion;
				minimumVersion = 9.1.0;
			};
		};
/* End XCRemoteSwiftPackageReference section */

/* Begin XCSwiftPackageProductDependency section */
		253ED1A62F55F35F003E1CEC /* FirebaseAuth */ = {
			isa = XCSwiftPackageProductDependency;
			package = 253ED1A52F55F35F003E1CEC /* XCRemoteSwiftPackageReference "firebase-ios-sdk" */;
			productName = FirebaseAuth;
		};
		253ED1A82F55F35F003E1CEC /* FirebaseCore */ = {
			isa = XCSwiftPackageProductDependency;
			package = 253ED1A52F55F35F003E1CEC /* XCRemoteSwiftPackageReference "firebase-ios-sdk" */;
			productName = FirebaseCore;
		};
		253ED1AA2F55F35F003E1CEC /* FirebaseDatabase */ = {
			isa = XCSwiftPackageProductDependency;
			package = 253ED1A52F55F35F003E1CEC /* XCRemoteSwiftPackageReference "firebase-ios-sdk" */;
			productName = FirebaseDatabase;
		};
		253ED1AC2F55F35F003E1CEC /* FirebaseFirestore */ = {
			isa = XCSwiftPackageProductDependency;
			package = 253ED1A52F55F35F003E1CEC /* XCRemoteSwiftPackageReference "firebase-ios-sdk" */;
			productName = FirebaseFirestore;
		};
		253ED1AE2F55F35F003E1CEC /* FirebaseFunctions */ = {
			isa = XCSwiftPackageProductDependency;
			package = 253ED1A52F55F35F003E1CEC /* XCRemoteSwiftPackageReference "firebase-ios-sdk" */;
			productName = FirebaseFunctions;
		};
		253ED1B02F55F35F003E1CEC /* FirebaseMessaging */ = {
			isa = XCSwiftPackageProductDependency;
			package = 253ED1A52F55F35F003E1CEC /* XCRemoteSwiftPackageReference "firebase-ios-sdk" */;
			productName = FirebaseMessaging;
		};
		253ED1B22F55F35F003E1CEC /* FirebaseStorage */ = {
			isa = XCSwiftPackageProductDependency;
			package = 253ED1A52F55F35F003E1CEC /* XCRemoteSwiftPackageReference "firebase-ios-sdk" */;
			productName = FirebaseStorage;
		};
		253ED1B52F55F375003E1CEC /* GoogleSignInSwift */ = {
			isa = XCSwiftPackageProductDependency;
			package = 253ED1B42F55F375003E1CEC /* XCRemoteSwiftPackageReference "GoogleSignIn-iOS" */;
			productName = GoogleSignInSwift;
		};
		25989D4F2F6B265F00D6E12F /* FirebaseCrashlytics */ = {
			isa = XCSwiftPackageProductDependency;
			package = 253ED1A52F55F35F003E1CEC /* XCRemoteSwiftPackageReference "firebase-ios-sdk" */;
			productName = FirebaseCrashlytics;
		};
		25989D572F6B270400D6E12F /* FirebaseAnalytics */ = {
			isa = XCSwiftPackageProductDependency;
			package = 253ED1A52F55F35F003E1CEC /* XCRemoteSwiftPackageReference "firebase-ios-sdk" */;
			productName = FirebaseAnalytics;
		};
		25989D592F6B273600D6E12F /* FirebaseRemoteConfig */ = {
			isa = XCSwiftPackageProductDependency;
			package = 253ED1A52F55F35F003E1CEC /* XCRemoteSwiftPackageReference "firebase-ios-sdk" */;
			productName = FirebaseRemoteConfig;
		};
/* End XCSwiftPackageProductDependency section */
	};
	rootObject = 253EC99E2E4B352200A4A5A9 /* Project object */;
}
